
Microsoft Visual Studio Solution File, Format Version 12.00
# Visual Studio 15
VisualStudioVersion = 15.0.27004.2005
MinimumVisualStudioVersion = 10.0.40219.1
Project("{2150E333-8FDC-42A3-9474-1A3956D46DE8}") = "tests", "tests", "{2B26D045-2A96-41AE-B592-E2156AFED446}"
EndProject
Project("{2150E333-8FDC-42A3-9474-1A3956D46DE8}") = "src", "src", "{2CF93039-EC81-4CB0-8940-9D0AB9C1FD38}"
EndProject
Project("{2150E333-8FDC-42A3-9474-1A3956D46DE8}") = "docker-compose", "docker-compose", "{48D05111-8BB6-45F3-A81D-DDE054DADE2F}"
EndProject
Project("{FAE04EC0-301F-11D3-BF4B-00C04F79EFBC}") = "RestAirline.Api", "src\RestAirline.Api\RestAirline.Api.csproj", "{A31DBFC0-0630-46CA-9275-7AF4F2A48E8F}"
EndProject
Project("{FAE04EC0-301F-11D3-BF4B-00C04F79EFBC}") = "RestAirline.CommandHandlers", "src\RestAirline.CommandHandlers\RestAirline.CommandHandlers.csproj", "{32F211CA-F68A-4923-9B7E-9234CA763608}"
EndProject
Project("{FAE04EC0-301F-11D3-BF4B-00C04F79EFBC}") = "RestAirline.Commands", "src\RestAirline.Commands\RestAirline.Commands.csproj", "{F116811C-2798-4F99-B372-6440CDF0CB1F}"
EndProject
Project("{FAE04EC0-301F-11D3-BF4B-00C04F79EFBC}") = "RestAirline.Domain", "src\RestAirline.Domain\RestAirline.Domain.csproj", "{45F9423A-8DB7-416B-960B-1D6FDCE6272A}"
EndProject
Project("{FAE04EC0-301F-11D3-BF4B-00C04F79EFBC}") = "RestAirline.Queries.EntityFramework", "src\RestAirline.Queries.EntityFramework\RestAirline.Queries.EntityFramework.csproj", "{6F693D74-E998-4671-B9DF-5F46907395C9}"
EndProject
Project("{FAE04EC0-301F-11D3-BF4B-00C04F79EFBC}") = "RestAirline.QueryHandlers.EntityFramework", "src\RestAirline.QueryHandlers.EntityFramework\RestAirline.QueryHandlers.EntityFramework.csproj", "{97447961-C943-4C1F-8724-ABC4925776B0}"
EndProject
Project("{FAE04EC0-301F-11D3-BF4B-00C04F79EFBC}") = "RestAirline.ReadModel.EntityFramework", "src\RestAirline.ReadModel.EntityFramework\RestAirline.ReadModel.EntityFramework.csproj", "{1593B8EB-66A9-48EF-94E2-08434FE24A77}"
EndProject
Project("{FAE04EC0-301F-11D3-BF4B-00C04F79EFBC}") = "RestAirline.ReadModel.InMemory", "src\RestAirline.ReadModel.InMemory\RestAirline.ReadModel.InMemory.csproj", "{C278427C-2A40-4FB3-B406-A08BC29BD6E1}"
EndProject
Project("{FAE04EC0-301F-11D3-BF4B-00C04F79EFBC}") = "RestAirline.CommandHandlers.Tests", "tests\RestAirline.CommandHandlers.Tests\RestAirline.CommandHandlers.Tests.csproj", "{6D348A95-5991-472B-B884-FE2767738B9A}"
EndProject
Project("{FAE04EC0-301F-11D3-BF4B-00C04F79EFBC}") = "RestAirline.Domain.Tests", "tests\RestAirline.Domain.Tests\RestAirline.Domain.Tests.csproj", "{59988F26-E7E7-4C19-BB0A-56FCE353472D}"
EndProject
Project("{FAE04EC0-301F-11D3-BF4B-00C04F79EFBC}") = "RestAirline.ReadModel.InMemory.Tests", "tests\RestAirline.ReadModel.InMemory.Tests\RestAirline.ReadModel.InMemory.Tests.csproj", "{2721C6E3-CF57-487F-9EF4-E2C21E4694EC}"
EndProject
Project("{FAE04EC0-301F-11D3-BF4B-00C04F79EFBC}") = "RestAirline.TestsHelper", "tests\RestAirline.TestsHelper\RestAirline.TestsHelper.csproj", "{89D9E208-A642-43AF-85E3-F26C6D77A638}"
EndProject
Project("{FAE04EC0-301F-11D3-BF4B-00C04F79EFBC}") = "RestAirline.Shared", "src\RestAirline.Shared\RestAirline.Shared.csproj", "{9D2D838F-D647-4B93-8FB1-7776949D9A09}"
EndProject
Project("{FAE04EC0-301F-11D3-BF4B-00C04F79EFBC}") = "docker-compose", "docker-compose\docker-compose.csproj", "{FEA0C318-FFED-4D39-8781-265718CA43DD}"
EndProject
Project("{2150E333-8FDC-42A3-9474-1A3956D46DE8}") = "Solution items", "Solution items", "{E36E0025-10A3-492D-BAD2-054936759F7E}"
ProjectSection(SolutionItems) = preProject
	README.md = README.md
	global.json = global.json
EndProjectSection
EndProject
Project("{FAE04EC0-301F-11D3-BF4B-00C04F79EFBC}") = "RestAirline.ReadModel.EntityFramework.Tests", "tests\RestAirline.ReadModel.EntityFramework.Tests\RestAirline.ReadModel.EntityFramework.Tests.csproj", "{175BA35C-F018-4BE6-9897-6422FEF169E7}"
EndProject
Project("{FAE04EC0-301F-11D3-BF4B-00C04F79EFBC}") = "RestAirline.Api.Tests", "tests\RestAirline.Api.Tests\RestAirline.Api.Tests.csproj", "{299D174C-1ED3-4412-AEBB-D786B50714EB}"
EndProject
Project("{FAE04EC0-301F-11D3-BF4B-00C04F79EFBC}") = "RestAirline.ReadModel.Elasticsearch", "src\RestAirline.ReadModel.Elasticsearch\RestAirline.ReadModel.Elasticsearch.csproj", "{2D9F482B-AEB2-4D62-AB9C-F1F208DF3C23}"
EndProject
Project("{FAE04EC0-301F-11D3-BF4B-00C04F79EFBC}") = "RestAirline.ReadModel.Elasticsearch.Tests", "tests\RestAirline.ReadModel.Elasticsearch.Tests\RestAirline.ReadModel.Elasticsearch.Tests.csproj", "{73FE4895-86C2-4954-A5D0-739F7DE58061}"
EndProject
Project("{FAE04EC0-301F-11D3-BF4B-00C04F79EFBC}") = "RestAirline.ReadModel.MongoDB", "src\RestAirline.ReadModel.MongoDB\RestAirline.ReadModel.MongoDB.csproj", "{6DAD502C-BC3C-46C5-A4F7-6300181A0C21}"
EndProject
Project("{FAE04EC0-301F-11D3-BF4B-00C04F79EFBC}") = "RestAirline.ReadModel.MongoDB.Tests", "tests\RestAirline.ReadModel.MongoDB.Tests\RestAirline.ReadModel.MongoDB.Tests.csproj", "{DFDA8D2F-9ED0-4B6A-A5BB-1640692F1CB9}"
EndProject
Project("{2150E333-8FDC-42A3-9474-1A3956D46DE8}") = "EntityFramework", "EntityFramework", "{7785D77A-D5F5-4591-ADD4-00993192872D}"
EndProject
Project("{2150E333-8FDC-42A3-9474-1A3956D46DE8}") = "MongoDB", "MongoDB", "{8407FADE-4B07-48AF-8456-366E143C8563}"
EndProject
Project("{2150E333-8FDC-42A3-9474-1A3956D46DE8}") = "ElasticSearch", "ElasticSearch", "{BCDB6935-916D-4B07-815D-A71889BB1FDD}"
EndProject
Project("{FAE04EC0-301F-11D3-BF4B-00C04F79EFBC}") = "RestAirline.Queries.MongoDB", "src\RestAirline.Queries.MongoDB\RestAirline.Queries.MongoDB.csproj", "{15145304-1546-42E0-BE44-8ABE5B9611A6}"
EndProject
Project("{FAE04EC0-301F-11D3-BF4B-00C04F79EFBC}") = "RestAirline.QueryHandlers.MongoDB", "src\RestAirline.QueryHandlers.MongoDB\RestAirline.QueryHandlers.MongoDB.csproj", "{7ABBD1E4-6FF9-468F-8AE6-F3F71D04705A}"
EndProject
Project("{FAE04EC0-301F-11D3-BF4B-00C04F79EFBC}") = "RestAirline.Queries.Elasticsearch", "src\RestAirline.Queries.Elasticsearch\RestAirline.Queries.Elasticsearch.csproj", "{2C623B28-F9B8-40EC-AD85-B77CCA510672}"
EndProject
Project("{FAE04EC0-301F-11D3-BF4B-00C04F79EFBC}") = "RestAirline.QueryHandlers.Elasticsearch", "src\RestAirline.QueryHandlers.Elasticsearch\RestAirline.QueryHandlers.Elasticsearch.csproj", "{3F772CB1-7344-4D6C-9EF4-77229D7DE8B3}"
EndProject
Global
	GlobalSection(SolutionConfigurationPlatforms) = preSolution
		Debug|Any CPU = Debug|Any CPU
		Release|Any CPU = Release|Any CPU
	EndGlobalSection
	GlobalSection(ProjectConfigurationPlatforms) = postSolution
		{A31DBFC0-0630-46CA-9275-7AF4F2A48E8F}.Debug|Any CPU.ActiveCfg = Debug|Any CPU
		{A31DBFC0-0630-46CA-9275-7AF4F2A48E8F}.Debug|Any CPU.Build.0 = Debug|Any CPU
		{A31DBFC0-0630-46CA-9275-7AF4F2A48E8F}.Release|Any CPU.ActiveCfg = Release|Any CPU
		{A31DBFC0-0630-46CA-9275-7AF4F2A48E8F}.Release|Any CPU.Build.0 = Release|Any CPU
		{32F211CA-F68A-4923-9B7E-9234CA763608}.Debug|Any CPU.ActiveCfg = Debug|Any CPU
		{32F211CA-F68A-4923-9B7E-9234CA763608}.Debug|Any CPU.Build.0 = Debug|Any CPU
		{32F211CA-F68A-4923-9B7E-9234CA763608}.Release|Any CPU.ActiveCfg = Release|Any CPU
		{32F211CA-F68A-4923-9B7E-9234CA763608}.Release|Any CPU.Build.0 = Release|Any CPU
		{F116811C-2798-4F99-B372-6440CDF0CB1F}.Debug|Any CPU.ActiveCfg = Debug|Any CPU
		{F116811C-2798-4F99-B372-6440CDF0CB1F}.Debug|Any CPU.Build.0 = Debug|Any CPU
		{F116811C-2798-4F99-B372-6440CDF0CB1F}.Release|Any CPU.ActiveCfg = Release|Any CPU
		{F116811C-2798-4F99-B372-6440CDF0CB1F}.Release|Any CPU.Build.0 = Release|Any CPU
		{45F9423A-8DB7-416B-960B-1D6FDCE6272A}.Debug|Any CPU.ActiveCfg = Debug|Any CPU
		{45F9423A-8DB7-416B-960B-1D6FDCE6272A}.Debug|Any CPU.Build.0 = Debug|Any CPU
		{45F9423A-8DB7-416B-960B-1D6FDCE6272A}.Release|Any CPU.ActiveCfg = Release|Any CPU
		{45F9423A-8DB7-416B-960B-1D6FDCE6272A}.Release|Any CPU.Build.0 = Release|Any CPU
		{6F693D74-E998-4671-B9DF-5F46907395C9}.Debug|Any CPU.ActiveCfg = Debug|Any CPU
		{6F693D74-E998-4671-B9DF-5F46907395C9}.Debug|Any CPU.Build.0 = Debug|Any CPU
		{6F693D74-E998-4671-B9DF-5F46907395C9}.Release|Any CPU.ActiveCfg = Release|Any CPU
		{6F693D74-E998-4671-B9DF-5F46907395C9}.Release|Any CPU.Build.0 = Release|Any CPU
		{97447961-C943-4C1F-8724-ABC4925776B0}.Debug|Any CPU.ActiveCfg = Debug|Any CPU
		{97447961-C943-4C1F-8724-ABC4925776B0}.Debug|Any CPU.Build.0 = Debug|Any CPU
		{97447961-C943-4C1F-8724-ABC4925776B0}.Release|Any CPU.ActiveCfg = Release|Any CPU
		{97447961-C943-4C1F-8724-ABC4925776B0}.Release|Any CPU.Build.0 = Release|Any CPU
		{1593B8EB-66A9-48EF-94E2-08434FE24A77}.Debug|Any CPU.ActiveCfg = Debug|Any CPU
		{1593B8EB-66A9-48EF-94E2-08434FE24A77}.Debug|Any CPU.Build.0 = Debug|Any CPU
		{1593B8EB-66A9-48EF-94E2-08434FE24A77}.Release|Any CPU.ActiveCfg = Release|Any CPU
		{1593B8EB-66A9-48EF-94E2-08434FE24A77}.Release|Any CPU.Build.0 = Release|Any CPU
		{C278427C-2A40-4FB3-B406-A08BC29BD6E1}.Debug|Any CPU.ActiveCfg = Debug|Any CPU
		{C278427C-2A40-4FB3-B406-A08BC29BD6E1}.Debug|Any CPU.Build.0 = Debug|Any CPU
		{C278427C-2A40-4FB3-B406-A08BC29BD6E1}.Release|Any CPU.ActiveCfg = Release|Any CPU
		{C278427C-2A40-4FB3-B406-A08BC29BD6E1}.Release|Any CPU.Build.0 = Release|Any CPU
		{6D348A95-5991-472B-B884-FE2767738B9A}.Debug|Any CPU.ActiveCfg = Debug|Any CPU
		{6D348A95-5991-472B-B884-FE2767738B9A}.Debug|Any CPU.Build.0 = Debug|Any CPU
		{6D348A95-5991-472B-B884-FE2767738B9A}.Release|Any CPU.ActiveCfg = Release|Any CPU
		{6D348A95-5991-472B-B884-FE2767738B9A}.Release|Any CPU.Build.0 = Release|Any CPU
		{59988F26-E7E7-4C19-BB0A-56FCE353472D}.Debug|Any CPU.ActiveCfg = Debug|Any CPU
		{59988F26-E7E7-4C19-BB0A-56FCE353472D}.Debug|Any CPU.Build.0 = Debug|Any CPU
		{59988F26-E7E7-4C19-BB0A-56FCE353472D}.Release|Any CPU.ActiveCfg = Release|Any CPU
		{59988F26-E7E7-4C19-BB0A-56FCE353472D}.Release|Any CPU.Build.0 = Release|Any CPU
		{2721C6E3-CF57-487F-9EF4-E2C21E4694EC}.Debug|Any CPU.ActiveCfg = Debug|Any CPU
		{2721C6E3-CF57-487F-9EF4-E2C21E4694EC}.Debug|Any CPU.Build.0 = Debug|Any CPU
		{2721C6E3-CF57-487F-9EF4-E2C21E4694EC}.Release|Any CPU.ActiveCfg = Release|Any CPU
		{2721C6E3-CF57-487F-9EF4-E2C21E4694EC}.Release|Any CPU.Build.0 = Release|Any CPU
		{89D9E208-A642-43AF-85E3-F26C6D77A638}.Debug|Any CPU.ActiveCfg = Debug|Any CPU
		{89D9E208-A642-43AF-85E3-F26C6D77A638}.Debug|Any CPU.Build.0 = Debug|Any CPU
		{89D9E208-A642-43AF-85E3-F26C6D77A638}.Release|Any CPU.ActiveCfg = Release|Any CPU
		{89D9E208-A642-43AF-85E3-F26C6D77A638}.Release|Any CPU.Build.0 = Release|Any CPU
		{9D2D838F-D647-4B93-8FB1-7776949D9A09}.Debug|Any CPU.ActiveCfg = Debug|Any CPU
		{9D2D838F-D647-4B93-8FB1-7776949D9A09}.Debug|Any CPU.Build.0 = Debug|Any CPU
		{9D2D838F-D647-4B93-8FB1-7776949D9A09}.Release|Any CPU.ActiveCfg = Release|Any CPU
		{9D2D838F-D647-4B93-8FB1-7776949D9A09}.Release|Any CPU.Build.0 = Release|Any CPU
		{175BA35C-F018-4BE6-9897-6422FEF169E7}.Debug|Any CPU.ActiveCfg = Debug|Any CPU
		{175BA35C-F018-4BE6-9897-6422FEF169E7}.Debug|Any CPU.Build.0 = Debug|Any CPU
		{175BA35C-F018-4BE6-9897-6422FEF169E7}.Release|Any CPU.ActiveCfg = Release|Any CPU
		{175BA35C-F018-4BE6-9897-6422FEF169E7}.Release|Any CPU.Build.0 = Release|Any CPU
		{299D174C-1ED3-4412-AEBB-D786B50714EB}.Debug|Any CPU.ActiveCfg = Debug|Any CPU
		{299D174C-1ED3-4412-AEBB-D786B50714EB}.Debug|Any CPU.Build.0 = Debug|Any CPU
		{299D174C-1ED3-4412-AEBB-D786B50714EB}.Release|Any CPU.ActiveCfg = Release|Any CPU
		{299D174C-1ED3-4412-AEBB-D786B50714EB}.Release|Any CPU.Build.0 = Release|Any CPU
		{2D9F482B-AEB2-4D62-AB9C-F1F208DF3C23}.Debug|Any CPU.ActiveCfg = Debug|Any CPU
		{2D9F482B-AEB2-4D62-AB9C-F1F208DF3C23}.Debug|Any CPU.Build.0 = Debug|Any CPU
		{2D9F482B-AEB2-4D62-AB9C-F1F208DF3C23}.Release|Any CPU.ActiveCfg = Release|Any CPU
		{2D9F482B-AEB2-4D62-AB9C-F1F208DF3C23}.Release|Any CPU.Build.0 = Release|Any CPU
		{73FE4895-86C2-4954-A5D0-739F7DE58061}.Debug|Any CPU.ActiveCfg = Debug|Any CPU
		{73FE4895-86C2-4954-A5D0-739F7DE58061}.Debug|Any CPU.Build.0 = Debug|Any CPU
		{73FE4895-86C2-4954-A5D0-739F7DE58061}.Release|Any CPU.ActiveCfg = Release|Any CPU
		{73FE4895-86C2-4954-A5D0-739F7DE58061}.Release|Any CPU.Build.0 = Release|Any CPU
		{6DAD502C-BC3C-46C5-A4F7-6300181A0C21}.Debug|Any CPU.ActiveCfg = Debug|Any CPU
		{6DAD502C-BC3C-46C5-A4F7-6300181A0C21}.Debug|Any CPU.Build.0 = Debug|Any CPU
		{6DAD502C-BC3C-46C5-A4F7-6300181A0C21}.Release|Any CPU.ActiveCfg = Release|Any CPU
		{6DAD502C-BC3C-46C5-A4F7-6300181A0C21}.Release|Any CPU.Build.0 = Release|Any CPU
		{DFDA8D2F-9ED0-4B6A-A5BB-1640692F1CB9}.Debug|Any CPU.ActiveCfg = Debug|Any CPU
		{DFDA8D2F-9ED0-4B6A-A5BB-1640692F1CB9}.Debug|Any CPU.Build.0 = Debug|Any CPU
		{DFDA8D2F-9ED0-4B6A-A5BB-1640692F1CB9}.Release|Any CPU.ActiveCfg = Release|Any CPU
		{DFDA8D2F-9ED0-4B6A-A5BB-1640692F1CB9}.Release|Any CPU.Build.0 = Release|Any CPU
		{15145304-1546-42E0-BE44-8ABE5B9611A6}.Debug|Any CPU.ActiveCfg = Debug|Any CPU
		{15145304-1546-42E0-BE44-8ABE5B9611A6}.Debug|Any CPU.Build.0 = Debug|Any CPU
		{15145304-1546-42E0-BE44-8ABE5B9611A6}.Release|Any CPU.ActiveCfg = Release|Any CPU
		{15145304-1546-42E0-BE44-8ABE5B9611A6}.Release|Any CPU.Build.0 = Release|Any CPU
		{7ABBD1E4-6FF9-468F-8AE6-F3F71D04705A}.Debug|Any CPU.ActiveCfg = Debug|Any CPU
		{7ABBD1E4-6FF9-468F-8AE6-F3F71D04705A}.Debug|Any CPU.Build.0 = Debug|Any CPU
		{7ABBD1E4-6FF9-468F-8AE6-F3F71D04705A}.Release|Any CPU.ActiveCfg = Release|Any CPU
		{7ABBD1E4-6FF9-468F-8AE6-F3F71D04705A}.Release|Any CPU.Build.0 = Release|Any CPU
		{2C623B28-F9B8-40EC-AD85-B77CCA510672}.Debug|Any CPU.ActiveCfg = Debug|Any CPU
		{2C623B28-F9B8-40EC-AD85-B77CCA510672}.Debug|Any CPU.Build.0 = Debug|Any CPU
		{2C623B28-F9B8-40EC-AD85-B77CCA510672}.Release|Any CPU.ActiveCfg = Release|Any CPU
		{2C623B28-F9B8-40EC-AD85-B77CCA510672}.Release|Any CPU.Build.0 = Release|Any CPU
		{3F772CB1-7344-4D6C-9EF4-77229D7DE8B3}.Debug|Any CPU.ActiveCfg = Debug|Any CPU
		{3F772CB1-7344-4D6C-9EF4-77229D7DE8B3}.Debug|Any CPU.Build.0 = Debug|Any CPU
		{3F772CB1-7344-4D6C-9EF4-77229D7DE8B3}.Release|Any CPU.ActiveCfg = Release|Any CPU
		{3F772CB1-7344-4D6C-9EF4-77229D7DE8B3}.Release|Any CPU.Build.0 = Release|Any CPU
	EndGlobalSection
	GlobalSection(SolutionProperties) = preSolution
		HideSolutionNode = FALSE
	EndGlobalSection
	GlobalSection(ExtensibilityGlobals) = postSolution
		SolutionGuid = {8ED3E3EE-A89C-41FC-94A6-0630BB31D5CB}
	EndGlobalSection
	GlobalSection(NestedProjects) = preSolution
		{A31DBFC0-0630-46CA-9275-7AF4F2A48E8F} = {2CF93039-EC81-4CB0-8940-9D0AB9C1FD38}
		{32F211CA-F68A-4923-9B7E-9234CA763608} = {2CF93039-EC81-4CB0-8940-9D0AB9C1FD38}
		{F116811C-2798-4F99-B372-6440CDF0CB1F} = {2CF93039-EC81-4CB0-8940-9D0AB9C1FD38}
		{45F9423A-8DB7-416B-960B-1D6FDCE6272A} = {2CF93039-EC81-4CB0-8940-9D0AB9C1FD38}
		{C278427C-2A40-4FB3-B406-A08BC29BD6E1} = {2CF93039-EC81-4CB0-8940-9D0AB9C1FD38}
		{6D348A95-5991-472B-B884-FE2767738B9A} = {2B26D045-2A96-41AE-B592-E2156AFED446}
		{59988F26-E7E7-4C19-BB0A-56FCE353472D} = {2B26D045-2A96-41AE-B592-E2156AFED446}
		{2721C6E3-CF57-487F-9EF4-E2C21E4694EC} = {2B26D045-2A96-41AE-B592-E2156AFED446}
		{89D9E208-A642-43AF-85E3-F26C6D77A638} = {2B26D045-2A96-41AE-B592-E2156AFED446}
		{9D2D838F-D647-4B93-8FB1-7776949D9A09} = {2CF93039-EC81-4CB0-8940-9D0AB9C1FD38}
		{FEA0C318-FFED-4D39-8781-265718CA43DD} = {48D05111-8BB6-45F3-A81D-DDE054DADE2F}
		{175BA35C-F018-4BE6-9897-6422FEF169E7} = {2B26D045-2A96-41AE-B592-E2156AFED446}
		{299D174C-1ED3-4412-AEBB-D786B50714EB} = {2B26D045-2A96-41AE-B592-E2156AFED446}
		{73FE4895-86C2-4954-A5D0-739F7DE58061} = {2B26D045-2A96-41AE-B592-E2156AFED446}
		{DFDA8D2F-9ED0-4B6A-A5BB-1640692F1CB9} = {2B26D045-2A96-41AE-B592-E2156AFED446}
		{7785D77A-D5F5-4591-ADD4-00993192872D} = {2CF93039-EC81-4CB0-8940-9D0AB9C1FD38}
		{6F693D74-E998-4671-B9DF-5F46907395C9} = {7785D77A-D5F5-4591-ADD4-00993192872D}
		{97447961-C943-4C1F-8724-ABC4925776B0} = {7785D77A-D5F5-4591-ADD4-00993192872D}
		{1593B8EB-66A9-48EF-94E2-08434FE24A77} = {7785D77A-D5F5-4591-ADD4-00993192872D}
		{8407FADE-4B07-48AF-8456-366E143C8563} = {2CF93039-EC81-4CB0-8940-9D0AB9C1FD38}
		{6DAD502C-BC3C-46C5-A4F7-6300181A0C21} = {8407FADE-4B07-48AF-8456-366E143C8563}
		{BCDB6935-916D-4B07-815D-A71889BB1FDD} = {2CF93039-EC81-4CB0-8940-9D0AB9C1FD38}
		{2D9F482B-AEB2-4D62-AB9C-F1F208DF3C23} = {BCDB6935-916D-4B07-815D-A71889BB1FDD}
		{15145304-1546-42E0-BE44-8ABE5B9611A6} = {8407FADE-4B07-48AF-8456-366E143C8563}
		{7ABBD1E4-6FF9-468F-8AE6-F3F71D04705A} = {8407FADE-4B07-48AF-8456-366E143C8563}
		{2C623B28-F9B8-40EC-AD85-B77CCA510672} = {BCDB6935-916D-4B07-815D-A71889BB1FDD}
		{3F772CB1-7344-4D6C-9EF4-77229D7DE8B3} = {BCDB6935-916D-4B07-815D-A71889BB1FDD}
	EndGlobalSection
EndGlobal
