
Microsoft Visual Studio Solution File, Format Version 12.00
# Visual Studio 15
VisualStudioVersion = 15.0.27004.2005
MinimumVisualStudioVersion = 10.0.40219.1
Project("{9A19103F-16F7-4668-BE54-9A1E7A4F7556}") = "RestAirline.Api", "RestAirline.Api\RestAirline.Api.csproj", "{14418F6B-C43C-411D-9197-664C2FAAF20E}"
EndProject
Project("{FAE04EC0-301F-11D3-BF4B-00C04F79EFBC}") = "RestAirline.Domain", "RestAirline.Domain\RestAirline.Domain.csproj", "{DA173A25-6100-4468-BE45-4633FDC0BD82}"
EndProject
Project("{FAE04EC0-301F-11D3-BF4B-00C04F79EFBC}") = "EventFlow.Example", "EventFlow.Example\EventFlow.Example.csproj", "{52A08911-D0A3-43F3-81B1-5F4D09A092AE}"
EndProject
Project("{FAE04EC0-301F-11D3-BF4B-00C04F79EFBC}") = "RestAirline.Domain.Tests", "RestAirline.Domain.Tests\RestAirline.Domain.Tests.csproj", "{0B0ABFE2-6613-45CB-B1AB-A180DBD61B05}"
EndProject
Project("{FAE04EC0-301F-11D3-BF4B-00C04F79EFBC}") = "RestAirline.Commands", "RestAirline.Commands\RestAirline.Commands.csproj", "{A002BAB4-C7A3-4980-8231-5354C6755D8E}"
EndProject
Project("{FAE04EC0-301F-11D3-BF4B-00C04F79EFBC}") = "RestAirline.CommandHandlers", "RestAirline.CommandHandlers\RestAirline.CommandHandlers.csproj", "{A8F2F136-19DD-4D98-8AF6-82C84116022D}"
EndProject
Project("{2150E333-8FDC-42A3-9474-1A3956D46DE8}") = "Tests", "Tests", "{2B26D045-2A96-41AE-B592-E2156AFED446}"
EndProject
Project("{FAE04EC0-301F-11D3-BF4B-00C04F79EFBC}") = "RestAirline.CommandHandlers.Tests", "RestAirline.CommandHandlers.Tests\RestAirline.CommandHandlers.Tests.csproj", "{F3FBB039-7DDE-44D6-B8E3-E365164B41CE}"
EndProject
Project("{FAE04EC0-301F-11D3-BF4B-00C04F79EFBC}") = "RestAirline.TestsHelper", "RestAirline.TestsHelper\RestAirline.TestsHelper.csproj", "{87788AFB-D9EE-4878-B792-7A6475459C12}"
EndProject
Project("{FAE04EC0-301F-11D3-BF4B-00C04F79EFBC}") = "RestAirline.ReadModel", "RestAirline.ReadModel\RestAirline.ReadModel.csproj", "{4684C9A0-79FD-4CDC-A0C5-14E0A178C8C0}"
EndProject
Project("{FAE04EC0-301F-11D3-BF4B-00C04F79EFBC}") = "RestAirline.ReadModel.Tests", "RestAirline.ReadModel.Tests\RestAirline.ReadModel.Tests.csproj", "{410E9A1A-50C6-436B-BDC7-48299988343C}"
EndProject
Project("{FAE04EC0-301F-11D3-BF4B-00C04F79EFBC}") = "RestAirline.Queries", "RestAirline.Queries\RestAirline.Queries.csproj", "{09101425-10AC-4577-906B-427F36CA6A2E}"
EndProject
Project("{FAE04EC0-301F-11D3-BF4B-00C04F79EFBC}") = "RestAirline.QueryHandlers", "RestAirline.QueryHandlers\RestAirline.QueryHandlers.csproj", "{FCAD9560-C3F2-49AC-83E7-E1F2A2D2FD64}"
EndProject
Project("{FAE04EC0-301F-11D3-BF4B-00C04F79EFBC}") = "RestAirline.QueryHandlers.Tests", "RestAirline.QueryHandlers.Tests\RestAirline.QueryHandlers.Tests.csproj", "{8A53DC66-80AA-4F0C-8748-2BD9F2C9DEA3}"
EndProject
Global
	GlobalSection(SolutionConfigurationPlatforms) = preSolution
		Debug|Any CPU = Debug|Any CPU
		Release|Any CPU = Release|Any CPU
	EndGlobalSection
	GlobalSection(ProjectConfigurationPlatforms) = postSolution
		{14418F6B-C43C-411D-9197-664C2FAAF20E}.Debug|Any CPU.ActiveCfg = Debug|Any CPU
		{14418F6B-C43C-411D-9197-664C2FAAF20E}.Debug|Any CPU.Build.0 = Debug|Any CPU
		{14418F6B-C43C-411D-9197-664C2FAAF20E}.Release|Any CPU.ActiveCfg = Release|Any CPU
		{14418F6B-C43C-411D-9197-664C2FAAF20E}.Release|Any CPU.Build.0 = Release|Any CPU
		{DA173A25-6100-4468-BE45-4633FDC0BD82}.Debug|Any CPU.ActiveCfg = Debug|Any CPU
		{DA173A25-6100-4468-BE45-4633FDC0BD82}.Debug|Any CPU.Build.0 = Debug|Any CPU
		{DA173A25-6100-4468-BE45-4633FDC0BD82}.Release|Any CPU.ActiveCfg = Release|Any CPU
		{DA173A25-6100-4468-BE45-4633FDC0BD82}.Release|Any CPU.Build.0 = Release|Any CPU
		{52A08911-D0A3-43F3-81B1-5F4D09A092AE}.Debug|Any CPU.ActiveCfg = Debug|Any CPU
		{52A08911-D0A3-43F3-81B1-5F4D09A092AE}.Debug|Any CPU.Build.0 = Debug|Any CPU
		{52A08911-D0A3-43F3-81B1-5F4D09A092AE}.Release|Any CPU.ActiveCfg = Release|Any CPU
		{52A08911-D0A3-43F3-81B1-5F4D09A092AE}.Release|Any CPU.Build.0 = Release|Any CPU
		{0B0ABFE2-6613-45CB-B1AB-A180DBD61B05}.Debug|Any CPU.ActiveCfg = Debug|Any CPU
		{0B0ABFE2-6613-45CB-B1AB-A180DBD61B05}.Debug|Any CPU.Build.0 = Debug|Any CPU
		{0B0ABFE2-6613-45CB-B1AB-A180DBD61B05}.Release|Any CPU.ActiveCfg = Release|Any CPU
		{0B0ABFE2-6613-45CB-B1AB-A180DBD61B05}.Release|Any CPU.Build.0 = Release|Any CPU
		{A002BAB4-C7A3-4980-8231-5354C6755D8E}.Debug|Any CPU.ActiveCfg = Debug|Any CPU
		{A002BAB4-C7A3-4980-8231-5354C6755D8E}.Debug|Any CPU.Build.0 = Debug|Any CPU
		{A002BAB4-C7A3-4980-8231-5354C6755D8E}.Release|Any CPU.ActiveCfg = Release|Any CPU
		{A002BAB4-C7A3-4980-8231-5354C6755D8E}.Release|Any CPU.Build.0 = Release|Any CPU
		{A8F2F136-19DD-4D98-8AF6-82C84116022D}.Debug|Any CPU.ActiveCfg = Debug|Any CPU
		{A8F2F136-19DD-4D98-8AF6-82C84116022D}.Debug|Any CPU.Build.0 = Debug|Any CPU
		{A8F2F136-19DD-4D98-8AF6-82C84116022D}.Release|Any CPU.ActiveCfg = Release|Any CPU
		{A8F2F136-19DD-4D98-8AF6-82C84116022D}.Release|Any CPU.Build.0 = Release|Any CPU
		{F3FBB039-7DDE-44D6-B8E3-E365164B41CE}.Debug|Any CPU.ActiveCfg = Debug|Any CPU
		{F3FBB039-7DDE-44D6-B8E3-E365164B41CE}.Debug|Any CPU.Build.0 = Debug|Any CPU
		{F3FBB039-7DDE-44D6-B8E3-E365164B41CE}.Release|Any CPU.ActiveCfg = Release|Any CPU
		{F3FBB039-7DDE-44D6-B8E3-E365164B41CE}.Release|Any CPU.Build.0 = Release|Any CPU
		{87788AFB-D9EE-4878-B792-7A6475459C12}.Debug|Any CPU.ActiveCfg = Debug|Any CPU
		{87788AFB-D9EE-4878-B792-7A6475459C12}.Debug|Any CPU.Build.0 = Debug|Any CPU
		{87788AFB-D9EE-4878-B792-7A6475459C12}.Release|Any CPU.ActiveCfg = Release|Any CPU
		{87788AFB-D9EE-4878-B792-7A6475459C12}.Release|Any CPU.Build.0 = Release|Any CPU
		{4684C9A0-79FD-4CDC-A0C5-14E0A178C8C0}.Debug|Any CPU.ActiveCfg = Debug|Any CPU
		{4684C9A0-79FD-4CDC-A0C5-14E0A178C8C0}.Debug|Any CPU.Build.0 = Debug|Any CPU
		{4684C9A0-79FD-4CDC-A0C5-14E0A178C8C0}.Release|Any CPU.ActiveCfg = Release|Any CPU
		{4684C9A0-79FD-4CDC-A0C5-14E0A178C8C0}.Release|Any CPU.Build.0 = Release|Any CPU
		{410E9A1A-50C6-436B-BDC7-48299988343C}.Debug|Any CPU.ActiveCfg = Debug|Any CPU
		{410E9A1A-50C6-436B-BDC7-48299988343C}.Debug|Any CPU.Build.0 = Debug|Any CPU
		{410E9A1A-50C6-436B-BDC7-48299988343C}.Release|Any CPU.ActiveCfg = Release|Any CPU
		{410E9A1A-50C6-436B-BDC7-48299988343C}.Release|Any CPU.Build.0 = Release|Any CPU
		{09101425-10AC-4577-906B-427F36CA6A2E}.Debug|Any CPU.ActiveCfg = Debug|Any CPU
		{09101425-10AC-4577-906B-427F36CA6A2E}.Debug|Any CPU.Build.0 = Debug|Any CPU
		{09101425-10AC-4577-906B-427F36CA6A2E}.Release|Any CPU.ActiveCfg = Release|Any CPU
		{09101425-10AC-4577-906B-427F36CA6A2E}.Release|Any CPU.Build.0 = Release|Any CPU
		{FCAD9560-C3F2-49AC-83E7-E1F2A2D2FD64}.Debug|Any CPU.ActiveCfg = Debug|Any CPU
		{FCAD9560-C3F2-49AC-83E7-E1F2A2D2FD64}.Debug|Any CPU.Build.0 = Debug|Any CPU
		{FCAD9560-C3F2-49AC-83E7-E1F2A2D2FD64}.Release|Any CPU.ActiveCfg = Release|Any CPU
		{FCAD9560-C3F2-49AC-83E7-E1F2A2D2FD64}.Release|Any CPU.Build.0 = Release|Any CPU
		{8A53DC66-80AA-4F0C-8748-2BD9F2C9DEA3}.Debug|Any CPU.ActiveCfg = Debug|Any CPU
		{8A53DC66-80AA-4F0C-8748-2BD9F2C9DEA3}.Debug|Any CPU.Build.0 = Debug|Any CPU
		{8A53DC66-80AA-4F0C-8748-2BD9F2C9DEA3}.Release|Any CPU.ActiveCfg = Release|Any CPU
		{8A53DC66-80AA-4F0C-8748-2BD9F2C9DEA3}.Release|Any CPU.Build.0 = Release|Any CPU
	EndGlobalSection
	GlobalSection(SolutionProperties) = preSolution
		HideSolutionNode = FALSE
	EndGlobalSection
	GlobalSection(ExtensibilityGlobals) = postSolution
		SolutionGuid = {8ED3E3EE-A89C-41FC-94A6-0630BB31D5CB}
	EndGlobalSection
	GlobalSection(NestedProjects) = preSolution
		{0B0ABFE2-6613-45CB-B1AB-A180DBD61B05} = {2B26D045-2A96-41AE-B592-E2156AFED446}
		{F3FBB039-7DDE-44D6-B8E3-E365164B41CE} = {2B26D045-2A96-41AE-B592-E2156AFED446}
		{87788AFB-D9EE-4878-B792-7A6475459C12} = {2B26D045-2A96-41AE-B592-E2156AFED446}
		{410E9A1A-50C6-436B-BDC7-48299988343C} = {2B26D045-2A96-41AE-B592-E2156AFED446}
		{8A53DC66-80AA-4F0C-8748-2BD9F2C9DEA3} = {2B26D045-2A96-41AE-B592-E2156AFED446}
	EndGlobalSection
EndGlobal
