{
  "version": 4,
  "terraform_version": "0.12.24",
  "serial": 2,
  "lineage": "d2f1aa92-0123-a544-a1f8-be3e83e378fc",
  "outputs": {
    "cluster_endpoint": {
      "value": "https://8256E47D11BADBD33B526B25A11611E8.yl4.ap-east-1.eks.amazonaws.com",
      "type": "string"
    },
    "kubectl_config": {
      "value": "apiVersion: v1\npreferences: {}\nkind: Config\n\nclusters:\n- cluster:\n    server: https://8256E47D11BADBD33B526B25A11611E8.yl4.ap-east-1.eks.amazonaws.com\n    certificate-authority-data: LS0tLS1CRUdJTiBDRVJUSUZJQ0FURS0tLS0tCk1JSUN5RENDQWJDZ0F3SUJBZ0lCQURBTkJna3Foa2lHOXcwQkFRc0ZBREFWTVJNd0VRWURWUVFERXdwcmRXSmwKY201bGRHVnpNQjRYRFRJd01EVXdPVEF6TURZeU1sb1hEVE13TURVd056QXpNRFl5TWxvd0ZURVRNQkVHQTFVRQpBeE1LYTNWaVpYSnVaWFJsY3pDQ0FTSXdEUVlKS29aSWh2Y05BUUVCQlFBRGdnRVBBRENDQVFvQ2dnRUJBSmxYCjl5UnAzL2Raa0JqSVh6V09NTWNJK2l0UHRuWnBkYmE0c3lqZFUzUUt3TVdaZWMrNGk5TkpCa1daNTlsVE5qRysKQVN2MlFlS243SGFaMDVmem4vbXhEaW91Wm91VENaN2tEa3YzbXRFUS9wWnlObTFZY3lRdGZISzNpalFxZHE4NAppNi8ySTgvSXBpanREbXJUejJBRW5PaHRmRlRpaEdyNHM2U0pJUzh1OUlacll4SkkwY3Fpa2xXV0JjcllQYWhZCnE4QlZnbFVMaXJWMFk1N0VwNVF5YU96M2E0RlRCZ0FIOHRpN3FTUGNzdlY4c2g4VmFZSUpFQlF4MnhTTE5HN0kKY1RhR25sRDJuZHlYc0IwOWlPai9wWXJJazlNZWpXSGhERHlmUDZQZEYyNGtOanR1c053ZzRFTE8vbmw2RWtSVQoraWdhdTlSaE5OV0p4SzZyL0pVQ0F3RUFBYU1qTUNFd0RnWURWUjBQQVFIL0JBUURBZ0trTUE4R0ExVWRFd0VCCi93UUZNQU1CQWY4d0RRWUpLb1pJaHZjTkFRRUxCUUFEZ2dFQkFKZlFRcDk0elRBaDhRbUs5M0JvOHBGVURxWDAKd2JkTzhYL1V2RndSTkF3SXNhYlZaNDVNWXNiMktGWDJRL1JpSDJpa0FreEN2Tk04bWVJT05kVmdHT204YWZZdwpwcTJHbkFsMVQ2L0MrWXViOU93RnVUUGlCVTgwcUh2a3hWQklSeDVyc2ViOFlBR3V0Q1VLdFoyeHVmOSsvN1hVCk1lVW13aVBuYW1CZHlMbFlkZEdrL2VoVWUwMzVYYXc4U3RVeFlqNElXMkFTZ3Y3d3pXRlcxR3AvdmtTRisyNzQKZGJsSDI0MCsrZGd6K2ZrenNwSUVKWTllbHRzbGJtRGllVUcyT3U2QjRCRUFjYUR6aVJRSll3bW9UeHZ6czBOUQpPdmIzUktXRTdONElzcE52TVM1R011bmIyTEc3WDFlWTB3SDVQNkpFbk50ZW5XWlMvdzhMMW5GcGZtZz0KLS0tLS1FTkQgQ0VSVElGSUNBVEUtLS0tLQo=\n  name: eks_restairline-dev-eks\n\ncontexts:\n- context:\n    cluster: eks_restairline-dev-eks\n    user: eks_restairline-dev-eks\n  name: eks_restairline-dev-eks\n\ncurrent-context: eks_restairline-dev-eks\n\nusers:\n- name: eks_restairline-dev-eks\n  user:\n    exec:\n      apiVersion: client.authentication.k8s.io/v1alpha1\n      command: aws-iam-authenticator\n      args:\n        - \"token\"\n        - \"-i\"\n        - \"restairline-dev-eks\"\n\n\n",
      "type": "string"
    }
  },
  "resources": [
    {
      "module": "module.eks",
      "mode": "data",
      "type": "aws_iam_instance_profile",
      "name": "custom_worker_group_iam_instance_profile",
      "each": "list",
      "provider": "provider.aws",
      "instances": []
    },
    {
      "module": "module.eks",
      "mode": "data",
      "type": "aws_iam_instance_profile",
      "name": "custom_worker_group_launch_template_iam_instance_profile",
      "each": "list",
      "provider": "provider.aws",
      "instances": []
    },
    {
      "module": "module.eks",
      "mode": "data",
      "type": "aws_iam_policy_document",
      "name": "cluster_assume_role_policy",
      "provider": "provider.aws",
      "instances": [
        {
          "schema_version": 0,
          "attributes": {
            "id": "2764486067",
            "json": "{\n  \"Version\": \"2012-10-17\",\n  \"Statement\": [\n    {\n      \"Sid\": \"EKSClusterAssumeRole\",\n      \"Effect\": \"Allow\",\n      \"Action\": \"sts:AssumeRole\",\n      \"Principal\": {\n        \"Service\": \"eks.amazonaws.com\"\n      }\n    }\n  ]\n}",
            "override_json": null,
            "policy_id": null,
            "source_json": null,
            "statement": [
              {
                "actions": [
                  "sts:AssumeRole"
                ],
                "condition": [],
                "effect": "Allow",
                "not_actions": [],
                "not_principals": [],
                "not_resources": [],
                "principals": [
                  {
                    "identifiers": [
                      "eks.amazonaws.com"
                    ],
                    "type": "Service"
                  }
                ],
                "resources": [],
                "sid": "EKSClusterAssumeRole"
              }
            ],
            "version": "2012-10-17"
          }
        }
      ]
    },
    {
      "module": "module.eks",
      "mode": "data",
      "type": "aws_iam_role",
      "name": "custom_cluster_iam_role",
      "each": "list",
      "provider": "provider.aws",
      "instances": []
    },
    {
      "module": "module.eks",
      "mode": "data",
      "type": "aws_partition",
      "name": "current",
      "provider": "provider.aws",
      "instances": [
        {
          "schema_version": 0,
          "attributes": {
            "dns_suffix": "amazonaws.com",
            "id": "2020-05-09 03:26:50.701957 +0000 UTC",
            "partition": "aws"
          }
        }
      ]
    },
    {
      "module": "module.eks",
      "mode": "data",
      "type": "null_data_source",
      "name": "node_groups",
      "each": "list",
      "provider": "provider.null",
      "instances": []
    },
    {
      "module": "module.eks",
      "mode": "data",
      "type": "template_file",
      "name": "aws_authenticator_env_variables",
      "each": "list",
      "provider": "provider.template",
      "instances": []
    },
    {
      "module": "module.eks",
      "mode": "data",
      "type": "template_file",
      "name": "kubeconfig",
      "each": "list",
      "provider": "provider.template",
      "instances": []
    },
    {
      "module": "module.eks",
      "mode": "data",
      "type": "template_file",
      "name": "launch_template_userdata",
      "each": "list",
      "provider": "provider.template",
      "instances": []
    },
    {
      "module": "module.eks",
      "mode": "data",
      "type": "template_file",
      "name": "userdata",
      "each": "list",
      "provider": "provider.template",
      "instances": []
    },
    {
      "module": "module.eks",
      "mode": "managed",
      "type": "aws_autoscaling_group",
      "name": "workers",
      "each": "list",
      "provider": "provider.aws",
      "instances": []
    },
    {
      "module": "module.eks",
      "mode": "managed",
      "type": "aws_autoscaling_group",
      "name": "workers_launch_template",
      "each": "list",
      "provider": "provider.aws",
      "instances": []
    },
    {
      "module": "module.eks",
      "mode": "managed",
      "type": "aws_cloudwatch_log_group",
      "name": "this",
      "each": "list",
      "provider": "provider.aws",
      "instances": []
    },
    {
      "module": "module.eks",
      "mode": "managed",
      "type": "aws_eks_cluster",
      "name": "this",
      "each": "list",
      "provider": "provider.aws",
      "instances": [
        {
          "index_key": 0,
          "schema_version": 0,
          "attributes": {
            "arn": "arn:aws:eks:ap-east-1:332679337602:cluster/restairline-dev-eks",
            "certificate_authority": [
              {
                "data": "LS0tLS1CRUdJTiBDRVJUSUZJQ0FURS0tLS0tCk1JSUN5RENDQWJDZ0F3SUJBZ0lCQURBTkJna3Foa2lHOXcwQkFRc0ZBREFWTVJNd0VRWURWUVFERXdwcmRXSmwKY201bGRHVnpNQjRYRFRJd01EVXdPVEF6TURZeU1sb1hEVE13TURVd056QXpNRFl5TWxvd0ZURVRNQkVHQTFVRQpBeE1LYTNWaVpYSnVaWFJsY3pDQ0FTSXdEUVlKS29aSWh2Y05BUUVCQlFBRGdnRVBBRENDQVFvQ2dnRUJBSmxYCjl5UnAzL2Raa0JqSVh6V09NTWNJK2l0UHRuWnBkYmE0c3lqZFUzUUt3TVdaZWMrNGk5TkpCa1daNTlsVE5qRysKQVN2MlFlS243SGFaMDVmem4vbXhEaW91Wm91VENaN2tEa3YzbXRFUS9wWnlObTFZY3lRdGZISzNpalFxZHE4NAppNi8ySTgvSXBpanREbXJUejJBRW5PaHRmRlRpaEdyNHM2U0pJUzh1OUlacll4SkkwY3Fpa2xXV0JjcllQYWhZCnE4QlZnbFVMaXJWMFk1N0VwNVF5YU96M2E0RlRCZ0FIOHRpN3FTUGNzdlY4c2g4VmFZSUpFQlF4MnhTTE5HN0kKY1RhR25sRDJuZHlYc0IwOWlPai9wWXJJazlNZWpXSGhERHlmUDZQZEYyNGtOanR1c053ZzRFTE8vbmw2RWtSVQoraWdhdTlSaE5OV0p4SzZyL0pVQ0F3RUFBYU1qTUNFd0RnWURWUjBQQVFIL0JBUURBZ0trTUE4R0ExVWRFd0VCCi93UUZNQU1CQWY4d0RRWUpLb1pJaHZjTkFRRUxCUUFEZ2dFQkFKZlFRcDk0elRBaDhRbUs5M0JvOHBGVURxWDAKd2JkTzhYL1V2RndSTkF3SXNhYlZaNDVNWXNiMktGWDJRL1JpSDJpa0FreEN2Tk04bWVJT05kVmdHT204YWZZdwpwcTJHbkFsMVQ2L0MrWXViOU93RnVUUGlCVTgwcUh2a3hWQklSeDVyc2ViOFlBR3V0Q1VLdFoyeHVmOSsvN1hVCk1lVW13aVBuYW1CZHlMbFlkZEdrL2VoVWUwMzVYYXc4U3RVeFlqNElXMkFTZ3Y3d3pXRlcxR3AvdmtTRisyNzQKZGJsSDI0MCsrZGd6K2ZrenNwSUVKWTllbHRzbGJtRGllVUcyT3U2QjRCRUFjYUR6aVJRSll3bW9UeHZ6czBOUQpPdmIzUktXRTdONElzcE52TVM1R011bmIyTEc3WDFlWTB3SDVQNkpFbk50ZW5XWlMvdzhMMW5GcGZtZz0KLS0tLS1FTkQgQ0VSVElGSUNBVEUtLS0tLQo="
              }
            ],
            "created_at": "2020-05-09 02:59:52 +0000 UTC",
            "enabled_cluster_log_types": [],
            "encryption_config": [],
            "endpoint": "https://8256E47D11BADBD33B526B25A11611E8.yl4.ap-east-1.eks.amazonaws.com",
            "id": "restairline-dev-eks",
            "identity": [
              {
                "oidc": [
                  {
                    "issuer": "https://oidc.eks.ap-east-1.amazonaws.com/id/8256E47D11BADBD33B526B25A11611E8"
                  }
                ]
              }
            ],
            "name": "restairline-dev-eks",
            "platform_version": "eks.1",
            "role_arn": "arn:aws:iam::332679337602:role/restairline-dev-eks20200509025945891300000001",
            "status": "ACTIVE",
            "tags": {
              "env": "dev"
            },
            "timeouts": {
              "create": "30m",
              "delete": "15m",
              "update": null
            },
            "version": "1.16",
            "vpc_config": [
              {
                "cluster_security_group_id": "sg-07e07af8be6cf9209",
                "endpoint_private_access": false,
                "endpoint_public_access": true,
                "public_access_cidrs": [
                  "0.0.0.0/0"
                ],
                "security_group_ids": [
                  "sg-02886b05c5d770dfe"
                ],
                "subnet_ids": [
                  "subnet-0ad730881b3ab3ba2",
                  "subnet-0e55e3e0e32d2ab7b",
                  "subnet-0f5669b325f8ab8a2"
                ],
                "vpc_id": "vpc-0a7a8ac8fa92833ff"
              }
            ]
          }
        }
      ]
    },
    {
      "module": "module.eks.module.node_groups",
      "mode": "managed",
      "type": "aws_eks_node_group",
      "name": "workers",
      "each": "map",
      "provider": "provider.aws",
      "instances": []
    },
    {
      "module": "module.eks",
      "mode": "managed",
      "type": "aws_iam_instance_profile",
      "name": "workers",
      "each": "list",
      "provider": "provider.aws",
      "instances": []
    },
    {
      "module": "module.eks",
      "mode": "managed",
      "type": "aws_iam_instance_profile",
      "name": "workers_launch_template",
      "each": "list",
      "provider": "provider.aws",
      "instances": []
    },
    {
      "module": "module.eks",
      "mode": "managed",
      "type": "aws_iam_openid_connect_provider",
      "name": "oidc_provider",
      "each": "list",
      "provider": "provider.aws",
      "instances": []
    },
    {
      "module": "module.eks",
      "mode": "managed",
      "type": "aws_iam_role",
      "name": "cluster",
      "each": "list",
      "provider": "provider.aws",
      "instances": [
        {
          "index_key": 0,
          "schema_version": 0,
          "attributes": {
            "arn": "arn:aws:iam::332679337602:role/restairline-dev-eks20200509025945891300000001",
            "assume_role_policy": "{\"Version\":\"2012-10-17\",\"Statement\":[{\"Sid\":\"EKSClusterAssumeRole\",\"Effect\":\"Allow\",\"Principal\":{\"Service\":\"eks.amazonaws.com\"},\"Action\":\"sts:AssumeRole\"}]}",
            "create_date": "2020-05-09T02:59:46Z",
            "description": "",
            "force_detach_policies": true,
            "id": "restairline-dev-eks20200509025945891300000001",
            "max_session_duration": 3600,
            "name": "restairline-dev-eks20200509025945891300000001",
            "name_prefix": "restairline-dev-eks",
            "path": "/",
            "permissions_boundary": null,
            "tags": {
              "env": "dev"
            },
            "unique_id": "AROAU25J322BPQR337P7C"
          },
          "private": "bnVsbA=="
        }
      ]
    },
    {
      "module": "module.eks",
      "mode": "managed",
      "type": "aws_iam_role",
      "name": "workers",
      "each": "list",
      "provider": "provider.aws",
      "instances": []
    },
    {
      "module": "module.eks",
      "mode": "managed",
      "type": "aws_iam_role_policy_attachment",
      "name": "cluster_AmazonEKSClusterPolicy",
      "each": "list",
      "provider": "provider.aws",
      "instances": [
        {
          "index_key": 0,
          "schema_version": 0,
          "attributes": {
            "id": "restairline-dev-eks20200509025945891300000001-20200509025949564300000004",
            "policy_arn": "arn:aws:iam::aws:policy/AmazonEKSClusterPolicy",
            "role": "restairline-dev-eks20200509025945891300000001"
          },
          "private": "bnVsbA==",
          "dependencies": [
            "module.eks.aws_iam_role.cluster"
          ]
        }
      ]
    },
    {
      "module": "module.eks",
      "mode": "managed",
      "type": "aws_iam_role_policy_attachment",
      "name": "cluster_AmazonEKSServicePolicy",
      "each": "list",
      "provider": "provider.aws",
      "instances": [
        {
          "index_key": 0,
          "schema_version": 0,
          "attributes": {
            "id": "restairline-dev-eks20200509025945891300000001-20200509025949616400000005",
            "policy_arn": "arn:aws:iam::aws:policy/AmazonEKSServicePolicy",
            "role": "restairline-dev-eks20200509025945891300000001"
          },
          "private": "bnVsbA==",
          "dependencies": [
            "module.eks.aws_iam_role.cluster"
          ]
        }
      ]
    },
    {
      "module": "module.eks",
      "mode": "managed",
      "type": "aws_iam_role_policy_attachment",
      "name": "workers_AmazonEC2ContainerRegistryReadOnly",
      "each": "list",
      "provider": "provider.aws",
      "instances": []
    },
    {
      "module": "module.eks",
      "mode": "managed",
      "type": "aws_iam_role_policy_attachment",
      "name": "workers_AmazonEKSWorkerNodePolicy",
      "each": "list",
      "provider": "provider.aws",
      "instances": []
    },
    {
      "module": "module.eks",
      "mode": "managed",
      "type": "aws_iam_role_policy_attachment",
      "name": "workers_AmazonEKS_CNI_Policy",
      "each": "list",
      "provider": "provider.aws",
      "instances": []
    },
    {
      "module": "module.eks",
      "mode": "managed",
      "type": "aws_iam_role_policy_attachment",
      "name": "workers_additional_policies",
      "each": "list",
      "provider": "provider.aws",
      "instances": []
    },
    {
      "module": "module.eks",
      "mode": "managed",
      "type": "aws_launch_configuration",
      "name": "workers",
      "each": "list",
      "provider": "provider.aws",
      "instances": []
    },
    {
      "module": "module.eks",
      "mode": "managed",
      "type": "aws_launch_template",
      "name": "workers_launch_template",
      "each": "list",
      "provider": "provider.aws",
      "instances": []
    },
    {
      "module": "module.eks",
      "mode": "managed",
      "type": "aws_security_group",
      "name": "cluster",
      "each": "list",
      "provider": "provider.aws",
      "instances": [
        {
          "index_key": 0,
          "schema_version": 1,
          "attributes": {
            "arn": "arn:aws:ec2:ap-east-1:332679337602:security-group/sg-02886b05c5d770dfe",
            "description": "EKS cluster security group.",
            "egress": [
              {
                "cidr_blocks": [
                  "0.0.0.0/0"
                ],
                "description": "Allow cluster egress access to the Internet.",
                "from_port": 0,
                "ipv6_cidr_blocks": [],
                "prefix_list_ids": [],
                "protocol": "-1",
                "security_groups": [],
                "self": false,
                "to_port": 0
              }
            ],
            "id": "sg-02886b05c5d770dfe",
            "ingress": [
              {
                "cidr_blocks": [],
                "description": "Allow pods to communicate with the EKS cluster API.",
                "from_port": 443,
                "ipv6_cidr_blocks": [],
                "prefix_list_ids": [],
                "protocol": "tcp",
                "security_groups": [
                  "sg-09dfa2bda4668370a"
                ],
                "self": false,
                "to_port": 443
              }
            ],
            "name": "restairline-dev-eks20200509025945891600000003",
            "name_prefix": "restairline-dev-eks",
            "owner_id": "332679337602",
            "revoke_rules_on_delete": false,
            "tags": {
              "Name": "restairline-dev-eks-eks_cluster_sg",
              "env": "dev"
            },
            "timeouts": null,
            "vpc_id": "vpc-0a7a8ac8fa92833ff"
          },
          "private": "eyJlMmJmYjczMC1lY2FhLTExZTYtOGY4OC0zNDM2M2JjN2M0YzAiOnsiY3JlYXRlIjo2MDAwMDAwMDAwMDAsImRlbGV0ZSI6NjAwMDAwMDAwMDAwfSwic2NoZW1hX3ZlcnNpb24iOiIxIn0="
        }
      ]
    },
    {
      "module": "module.security_group",
      "mode": "managed",
      "type": "aws_security_group",
      "name": "this",
      "each": "list",
      "provider": "provider.aws",
      "instances": []
    },
    {
      "module": "module.security_group",
      "mode": "managed",
      "type": "aws_security_group",
      "name": "this_name_prefix",
      "each": "list",
      "provider": "provider.aws",
      "instances": []
    },
    {
      "module": "module.eks",
      "mode": "managed",
      "type": "aws_security_group",
      "name": "workers",
      "each": "list",
      "provider": "provider.aws",
      "instances": []
    },
    {
      "module": "module.eks",
      "mode": "managed",
      "type": "aws_security_group_rule",
      "name": "cluster_egress_internet",
      "each": "list",
      "provider": "provider.aws",
      "instances": []
    },
    {
      "module": "module.eks",
      "mode": "managed",
      "type": "aws_security_group_rule",
      "name": "cluster_https_worker_ingress",
      "each": "list",
      "provider": "provider.aws",
      "instances": []
    },
    {
      "module": "module.eks",
      "mode": "managed",
      "type": "aws_security_group_rule",
      "name": "cluster_private_access",
      "each": "list",
      "provider": "provider.aws",
      "instances": []
    },
    {
      "module": "module.security_group",
      "mode": "managed",
      "type": "aws_security_group_rule",
      "name": "computed_egress_rules",
      "each": "list",
      "provider": "provider.aws",
      "instances": []
    },
    {
      "module": "module.security_group",
      "mode": "managed",
      "type": "aws_security_group_rule",
      "name": "computed_egress_with_cidr_blocks",
      "each": "list",
      "provider": "provider.aws",
      "instances": []
    },
    {
      "module": "module.security_group",
      "mode": "managed",
      "type": "aws_security_group_rule",
      "name": "computed_egress_with_ipv6_cidr_blocks",
      "each": "list",
      "provider": "provider.aws",
      "instances": []
    },
    {
      "module": "module.security_group",
      "mode": "managed",
      "type": "aws_security_group_rule",
      "name": "computed_egress_with_self",
      "each": "list",
      "provider": "provider.aws",
      "instances": []
    },
    {
      "module": "module.security_group",
      "mode": "managed",
      "type": "aws_security_group_rule",
      "name": "computed_egress_with_source_security_group_id",
      "each": "list",
      "provider": "provider.aws",
      "instances": []
    },
    {
      "module": "module.security_group",
      "mode": "managed",
      "type": "aws_security_group_rule",
      "name": "computed_ingress_rules",
      "each": "list",
      "provider": "provider.aws",
      "instances": []
    },
    {
      "module": "module.security_group",
      "mode": "managed",
      "type": "aws_security_group_rule",
      "name": "computed_ingress_with_cidr_blocks",
      "each": "list",
      "provider": "provider.aws",
      "instances": []
    },
    {
      "module": "module.security_group",
      "mode": "managed",
      "type": "aws_security_group_rule",
      "name": "computed_ingress_with_ipv6_cidr_blocks",
      "each": "list",
      "provider": "provider.aws",
      "instances": []
    },
    {
      "module": "module.security_group",
      "mode": "managed",
      "type": "aws_security_group_rule",
      "name": "computed_ingress_with_self",
      "each": "list",
      "provider": "provider.aws",
      "instances": []
    },
    {
      "module": "module.security_group",
      "mode": "managed",
      "type": "aws_security_group_rule",
      "name": "computed_ingress_with_source_security_group_id",
      "each": "list",
      "provider": "provider.aws",
      "instances": []
    },
    {
      "module": "module.security_group",
      "mode": "managed",
      "type": "aws_security_group_rule",
      "name": "egress_rules",
      "each": "list",
      "provider": "provider.aws",
      "instances": []
    },
    {
      "module": "module.security_group",
      "mode": "managed",
      "type": "aws_security_group_rule",
      "name": "egress_with_cidr_blocks",
      "each": "list",
      "provider": "provider.aws",
      "instances": []
    },
    {
      "module": "module.security_group",
      "mode": "managed",
      "type": "aws_security_group_rule",
      "name": "egress_with_ipv6_cidr_blocks",
      "each": "list",
      "provider": "provider.aws",
      "instances": []
    },
    {
      "module": "module.security_group",
      "mode": "managed",
      "type": "aws_security_group_rule",
      "name": "egress_with_self",
      "each": "list",
      "provider": "provider.aws",
      "instances": []
    },
    {
      "module": "module.security_group",
      "mode": "managed",
      "type": "aws_security_group_rule",
      "name": "egress_with_source_security_group_id",
      "each": "list",
      "provider": "provider.aws",
      "instances": []
    },
    {
      "module": "module.security_group",
      "mode": "managed",
      "type": "aws_security_group_rule",
      "name": "ingress_rules",
      "each": "list",
      "provider": "provider.aws",
      "instances": []
    },
    {
      "module": "module.security_group",
      "mode": "managed",
      "type": "aws_security_group_rule",
      "name": "ingress_with_cidr_blocks",
      "each": "list",
      "provider": "provider.aws",
      "instances": []
    },
    {
      "module": "module.security_group",
      "mode": "managed",
      "type": "aws_security_group_rule",
      "name": "ingress_with_ipv6_cidr_blocks",
      "each": "list",
      "provider": "provider.aws",
      "instances": []
    },
    {
      "module": "module.security_group",
      "mode": "managed",
      "type": "aws_security_group_rule",
      "name": "ingress_with_self",
      "each": "list",
      "provider": "provider.aws",
      "instances": []
    },
    {
      "module": "module.security_group",
      "mode": "managed",
      "type": "aws_security_group_rule",
      "name": "ingress_with_source_security_group_id",
      "each": "list",
      "provider": "provider.aws",
      "instances": []
    },
    {
      "module": "module.eks",
      "mode": "managed",
      "type": "aws_security_group_rule",
      "name": "workers_egress_internet",
      "each": "list",
      "provider": "provider.aws",
      "instances": []
    },
    {
      "module": "module.eks",
      "mode": "managed",
      "type": "aws_security_group_rule",
      "name": "workers_ingress_cluster",
      "each": "list",
      "provider": "provider.aws",
      "instances": []
    },
    {
      "module": "module.eks",
      "mode": "managed",
      "type": "aws_security_group_rule",
      "name": "workers_ingress_cluster_https",
      "each": "list",
      "provider": "provider.aws",
      "instances": []
    },
    {
      "module": "module.eks",
      "mode": "managed",
      "type": "aws_security_group_rule",
      "name": "workers_ingress_cluster_kubelet",
      "each": "list",
      "provider": "provider.aws",
      "instances": []
    },
    {
      "module": "module.eks",
      "mode": "managed",
      "type": "aws_security_group_rule",
      "name": "workers_ingress_self",
      "each": "list",
      "provider": "provider.aws",
      "instances": []
    },
    {
      "module": "module.eks",
      "mode": "managed",
      "type": "kubernetes_config_map",
      "name": "aws_auth",
      "each": "list",
      "provider": "provider.kubernetes",
      "instances": []
    },
    {
      "module": "module.eks",
      "mode": "managed",
      "type": "local_file",
      "name": "kubeconfig",
      "each": "list",
      "provider": "provider.local",
      "instances": []
    },
    {
      "module": "module.eks",
      "mode": "managed",
      "type": "null_resource",
      "name": "wait_for_cluster",
      "each": "list",
      "provider": "provider.null",
      "instances": []
    },
    {
      "module": "module.eks.module.node_groups",
      "mode": "managed",
      "type": "random_pet",
      "name": "node_groups",
      "each": "map",
      "provider": "provider.random",
      "instances": []
    },
    {
      "module": "module.eks",
      "mode": "managed",
      "type": "random_pet",
      "name": "workers",
      "each": "list",
      "provider": "provider.random",
      "instances": []
    },
    {
      "module": "module.eks",
      "mode": "managed",
      "type": "random_pet",
      "name": "workers_launch_template",
      "each": "list",
      "provider": "provider.random",
      "instances": []
    }
  ]
}
